
Microsoft Visual Studio Solution File, Format Version 12.00
# Visual Studio 16
Project("{FAE04EC0-301F-11D3-BF4B-00C04F79EFBC}") = "Assembly-CSharp", "Assembly-CSharp.csproj", "{8E8AA693-CD6B-2235-A016-818B511ADB16}"
EndProject
Project("{FAE04EC0-301F-11D3-BF4B-00C04F79EFBC}") = "Unity.GraphTools.Foundation", "Unity.GraphTools.Foundation.csproj", "{8B32F6FB-AE47-3331-06CF-86BA2DBEE2D6}"
EndProject
Project("{FAE04EC0-301F-11D3-BF4B-00C04F79EFBC}") = "Unity.VisualScripting.Ecs", "Unity.VisualScripting.Ecs.csproj", "{C25BBE44-09BA-12D1-1E20-5DAF073C7B05}"
EndProject
Project("{FAE04EC0-301F-11D3-BF4B-00C04F79EFBC}") = "Sirenix.OdinInspector.CompatibilityLayer", "Sirenix.OdinInspector.CompatibilityLayer.csproj", "{1034E7F4-60EC-AE8F-CEF1-A679F8EBEDC9}"
EndProject
Project("{FAE04EC0-301F-11D3-BF4B-00C04F79EFBC}") = "Unity.GraphTools.Foundation.Editor", "Unity.GraphTools.Foundation.Editor.csproj", "{F521C19A-1E90-3DE0-ECCA-5E695A895DB4}"
EndProject
Project("{FAE04EC0-301F-11D3-BF4B-00C04F79EFBC}") = "Unity.VisualScripting.Ecs.Editor", "Unity.VisualScripting.Ecs.Editor.csproj", "{B43669E6-FB45-91BF-641E-AFC10B47BA67}"
EndProject
Project("{FAE04EC0-301F-11D3-BF4B-00C04F79EFBC}") = "Unity.VisualScripting.Ecs.Editor.Tests", "Unity.VisualScripting.Ecs.Editor.Tests.csproj", "{CD1ADCD3-A197-D1FC-9382-A2473FE55079}"
EndProject
Project("{FAE04EC0-301F-11D3-BF4B-00C04F79EFBC}") = "Unity.Searcher.EditorTests", "Unity.Searcher.EditorTests.csproj", "{61F3D369-F6C9-6A28-173A-1FB127B3C8E9}"
EndProject
Project("{FAE04EC0-301F-11D3-BF4B-00C04F79EFBC}") = "Unity.GraphTools.Foundation.Editor.Tests", "Unity.GraphTools.Foundation.Editor.Tests.csproj", "{2BF4146F-D302-F6C0-4BD6-CE607B3EAAA7}"
EndProject
Project("{FAE04EC0-301F-11D3-BF4B-00C04F79EFBC}") = "Sirenix.OdinInspector.CompatibilityLayer.Editor", "Sirenix.OdinInspector.CompatibilityLayer.Editor.csproj", "{4A86BF54-38E6-0C14-F61F-FC3004E3C685}"
EndProject
Project("{FAE04EC0-301F-11D3-BF4B-00C04F79EFBC}") = "Assembly-CSharp-Editor", "Assembly-CSharp-Editor.csproj", "{5B55871D-4139-2EA8-6129-871BC4FFAC32}"
EndProject
Project("{FAE04EC0-301F-11D3-BF4B-00C04F79EFBC}") = "Unity.Searcher.Editor", "Unity.Searcher.Editor.csproj", "{72E22446-9DED-E739-833C-A6BA4E027225}"
EndProject
Project("{FAE04EC0-301F-11D3-BF4B-00C04F79EFBC}") = "Assembly-CSharp-Editor-firstpass", "Assembly-CSharp-Editor-firstpass.csproj", "{EF34ED7B-2CB1-7618-0849-E632043257C6}"
EndProject
Project("{FAE04EC0-301F-11D3-BF4B-00C04F79EFBC}") = "Unity.InternalAPIEngineBridgeDev.002", "Unity.InternalAPIEngineBridgeDev.002.csproj", "{878F6B4D-CEE7-3900-7ED8-08F3652D6381}"
EndProject
Project("{FAE04EC0-301F-11D3-BF4B-00C04F79EFBC}") = "Unity.PureCSharpTests", "Unity.PureCSharpTests.csproj", "{118DC9A1-A095-55A1-BC47-F90059EBD54E}"
EndProject
Global
	GlobalSection(SolutionConfigurationPlatforms) = preSolution
		Debug|Any CPU = Debug|Any CPU
		Release|Any CPU = Release|Any CPU
	EndGlobalSection
	GlobalSection(ProjectConfigurationPlatforms) = postSolution
		{8E8AA693-CD6B-2235-A016-818B511ADB16}.Debug|Any CPU.ActiveCfg = Debug|Any CPU
		{8E8AA693-CD6B-2235-A016-818B511ADB16}.Debug|Any CPU.Build.0 = Debug|Any CPU
		{8E8AA693-CD6B-2235-A016-818B511ADB16}.Release|Any CPU.ActiveCfg = Release|Any CPU
		{8E8AA693-CD6B-2235-A016-818B511ADB16}.Release|Any CPU.Build.0 = Release|Any CPU
		{8B32F6FB-AE47-3331-06CF-86BA2DBEE2D6}.Debug|Any CPU.ActiveCfg = Debug|Any CPU
		{8B32F6FB-AE47-3331-06CF-86BA2DBEE2D6}.Debug|Any CPU.Build.0 = Debug|Any CPU
		{8B32F6FB-AE47-3331-06CF-86BA2DBEE2D6}.Release|Any CPU.ActiveCfg = Release|Any CPU
		{8B32F6FB-AE47-3331-06CF-86BA2DBEE2D6}.Release|Any CPU.Build.0 = Release|Any CPU
		{C25BBE44-09BA-12D1-1E20-5DAF073C7B05}.Debug|Any CPU.ActiveCfg = Debug|Any CPU
		{C25BBE44-09BA-12D1-1E20-5DAF073C7B05}.Debug|Any CPU.Build.0 = Debug|Any CPU
		{C25BBE44-09BA-12D1-1E20-5DAF073C7B05}.Release|Any CPU.ActiveCfg = Release|Any CPU
		{C25BBE44-09BA-12D1-1E20-5DAF073C7B05}.Release|Any CPU.Build.0 = Release|Any CPU
		{1034E7F4-60EC-AE8F-CEF1-A679F8EBEDC9}.Debug|Any CPU.ActiveCfg = Debug|Any CPU
		{1034E7F4-60EC-AE8F-CEF1-A679F8EBEDC9}.Debug|Any CPU.Build.0 = Debug|Any CPU
		{1034E7F4-60EC-AE8F-CEF1-A679F8EBEDC9}.Release|Any CPU.ActiveCfg = Release|Any CPU
		{1034E7F4-60EC-AE8F-CEF1-A679F8EBEDC9}.Release|Any CPU.Build.0 = Release|Any CPU
		{F521C19A-1E90-3DE0-ECCA-5E695A895DB4}.Debug|Any CPU.ActiveCfg = Debug|Any CPU
		{F521C19A-1E90-3DE0-ECCA-5E695A895DB4}.Debug|Any CPU.Build.0 = Debug|Any CPU
		{F521C19A-1E90-3DE0-ECCA-5E695A895DB4}.Release|Any CPU.ActiveCfg = Release|Any CPU
		{F521C19A-1E90-3DE0-ECCA-5E695A895DB4}.Release|Any CPU.Build.0 = Release|Any CPU
		{B43669E6-FB45-91BF-641E-AFC10B47BA67}.Debug|Any CPU.ActiveCfg = Debug|Any CPU
		{B43669E6-FB45-91BF-641E-AFC10B47BA67}.Debug|Any CPU.Build.0 = Debug|Any CPU
		{B43669E6-FB45-91BF-641E-AFC10B47BA67}.Release|Any CPU.ActiveCfg = Release|Any CPU
		{B43669E6-FB45-91BF-641E-AFC10B47BA67}.Release|Any CPU.Build.0 = Release|Any CPU
		{CD1ADCD3-A197-D1FC-9382-A2473FE55079}.Debug|Any CPU.ActiveCfg = Debug|Any CPU
		{CD1ADCD3-A197-D1FC-9382-A2473FE55079}.Debug|Any CPU.Build.0 = Debug|Any CPU
		{CD1ADCD3-A197-D1FC-9382-A2473FE55079}.Release|Any CPU.ActiveCfg = Release|Any CPU
		{CD1ADCD3-A197-D1FC-9382-A2473FE55079}.Release|Any CPU.Build.0 = Release|Any CPU
		{61F3D369-F6C9-6A28-173A-1FB127B3C8E9}.Debug|Any CPU.ActiveCfg = Debug|Any CPU
		{61F3D369-F6C9-6A28-173A-1FB127B3C8E9}.Debug|Any CPU.Build.0 = Debug|Any CPU
		{61F3D369-F6C9-6A28-173A-1FB127B3C8E9}.Release|Any CPU.ActiveCfg = Release|Any CPU
		{61F3D369-F6C9-6A28-173A-1FB127B3C8E9}.Release|Any CPU.Build.0 = Release|Any CPU
		{2BF4146F-D302-F6C0-4BD6-CE607B3EAAA7}.Debug|Any CPU.ActiveCfg = Debug|Any CPU
		{2BF4146F-D302-F6C0-4BD6-CE607B3EAAA7}.Debug|Any CPU.Build.0 = Debug|Any CPU
		{2BF4146F-D302-F6C0-4BD6-CE607B3EAAA7}.Release|Any CPU.ActiveCfg = Release|Any CPU
		{2BF4146F-D302-F6C0-4BD6-CE607B3EAAA7}.Release|Any CPU.Build.0 = Release|Any CPU
		{4A86BF54-38E6-0C14-F61F-FC3004E3C685}.Debug|Any CPU.ActiveCfg = Debug|Any CPU
		{4A86BF54-38E6-0C14-F61F-FC3004E3C685}.Debug|Any CPU.Build.0 = Debug|Any CPU
		{4A86BF54-38E6-0C14-F61F-FC3004E3C685}.Release|Any CPU.ActiveCfg = Release|Any CPU
		{4A86BF54-38E6-0C14-F61F-FC3004E3C685}.Release|Any CPU.Build.0 = Release|Any CPU
		{5B55871D-4139-2EA8-6129-871BC4FFAC32}.Debug|Any CPU.ActiveCfg = Debug|Any CPU
		{5B55871D-4139-2EA8-6129-871BC4FFAC32}.Debug|Any CPU.Build.0 = Debug|Any CPU
		{5B55871D-4139-2EA8-6129-871BC4FFAC32}.Release|Any CPU.ActiveCfg = Release|Any CPU
		{5B55871D-4139-2EA8-6129-871BC4FFAC32}.Release|Any CPU.Build.0 = Release|Any CPU
		{72E22446-9DED-E739-833C-A6BA4E027225}.Debug|Any CPU.ActiveCfg = Debug|Any CPU
		{72E22446-9DED-E739-833C-A6BA4E027225}.Debug|Any CPU.Build.0 = Debug|Any CPU
		{72E22446-9DED-E739-833C-A6BA4E027225}.Release|Any CPU.ActiveCfg = Release|Any CPU
		{72E22446-9DED-E739-833C-A6BA4E027225}.Release|Any CPU.Build.0 = Release|Any CPU
		{EF34ED7B-2CB1-7618-0849-E632043257C6}.Debug|Any CPU.ActiveCfg = Debug|Any CPU
		{EF34ED7B-2CB1-7618-0849-E632043257C6}.Debug|Any CPU.Build.0 = Debug|Any CPU
		{EF34ED7B-2CB1-7618-0849-E632043257C6}.Release|Any CPU.ActiveCfg = Release|Any CPU
		{EF34ED7B-2CB1-7618-0849-E632043257C6}.Release|Any CPU.Build.0 = Release|Any CPU
		{878F6B4D-CEE7-3900-7ED8-08F3652D6381}.Debug|Any CPU.ActiveCfg = Debug|Any CPU
		{878F6B4D-CEE7-3900-7ED8-08F3652D6381}.Debug|Any CPU.Build.0 = Debug|Any CPU
		{878F6B4D-CEE7-3900-7ED8-08F3652D6381}.Release|Any CPU.ActiveCfg = Release|Any CPU
		{878F6B4D-CEE7-3900-7ED8-08F3652D6381}.Release|Any CPU.Build.0 = Release|Any CPU
		{118DC9A1-A095-55A1-BC47-F90059EBD54E}.Debug|Any CPU.ActiveCfg = Debug|Any CPU
		{118DC9A1-A095-55A1-BC47-F90059EBD54E}.Debug|Any CPU.Build.0 = Debug|Any CPU
		{118DC9A1-A095-55A1-BC47-F90059EBD54E}.Release|Any CPU.ActiveCfg = Release|Any CPU
		{118DC9A1-A095-55A1-BC47-F90059EBD54E}.Release|Any CPU.Build.0 = Release|Any CPU
	EndGlobalSection
	GlobalSection(SolutionProperties) = preSolution
		HideSolutionNode = FALSE
	EndGlobalSection
EndGlobal
